
Microsoft Visual Studio Solution File, Format Version 12.00
# Visual Studio 15
VisualStudioVersion = 15.0.27428.2015
MinimumVisualStudioVersion = 10.0.40219.1
Project("{FAE04EC0-301F-11D3-BF4B-00C04F79EFBC}") = "LifesAStage.Android", "LifesAStage\LifesAStage.Android\LifesAStage.Android.csproj", "{E7DC4635-5D3A-4647-B170-2E4999214DC7}"
EndProject
Project("{FAE04EC0-301F-11D3-BF4B-00C04F79EFBC}") = "LifesAStage.iOS", "LifesAStage\LifesAStage.iOS\LifesAStage.iOS.csproj", "{2BF2AB80-4637-4A8E-9657-8B480584F5BD}"
EndProject
Project("{FAE04EC0-301F-11D3-BF4B-00C04F79EFBC}") = "LifesAStage", "LifesAStage\LifesAStage\LifesAStage.csproj", "{55137025-9A04-43DA-82C7-C8CD5F794B45}"
EndProject
Project("{9A19103F-16F7-4668-BE54-9A1E7A4F7556}") = "SharedForms", "SharedForms\SharedForms.csproj", "{6CACD3D1-5370-4201-A423-1E9199516D58}"
EndProject
Project("{9A19103F-16F7-4668-BE54-9A1E7A4F7556}") = "SharedGlobals", "SharedGlobals\SharedGlobals.csproj", "{13744166-6494-4E7F-B255-D0D990ADFB0C}"
EndProject
Global
	GlobalSection(SolutionConfigurationPlatforms) = preSolution
		Ad-Hoc|Any CPU = Ad-Hoc|Any CPU
		Ad-Hoc|iPhone = Ad-Hoc|iPhone
		Ad-Hoc|iPhoneSimulator = Ad-Hoc|iPhoneSimulator
		AppStore|Any CPU = AppStore|Any CPU
		AppStore|iPhone = AppStore|iPhone
		AppStore|iPhoneSimulator = AppStore|iPhoneSimulator
		Debug|Any CPU = Debug|Any CPU
		Debug|iPhone = Debug|iPhone
		Debug|iPhoneSimulator = Debug|iPhoneSimulator
		Release|Any CPU = Release|Any CPU
		Release|iPhone = Release|iPhone
		Release|iPhoneSimulator = Release|iPhoneSimulator
	EndGlobalSection
	GlobalSection(ProjectConfigurationPlatforms) = postSolution
		{E7DC4635-5D3A-4647-B170-2E4999214DC7}.Ad-Hoc|Any CPU.ActiveCfg = Release|Any CPU
		{E7DC4635-5D3A-4647-B170-2E4999214DC7}.Ad-Hoc|Any CPU.Build.0 = Release|Any CPU
		{E7DC4635-5D3A-4647-B170-2E4999214DC7}.Ad-Hoc|Any CPU.Deploy.0 = Release|Any CPU
		{E7DC4635-5D3A-4647-B170-2E4999214DC7}.Ad-Hoc|iPhone.ActiveCfg = Release|Any CPU
		{E7DC4635-5D3A-4647-B170-2E4999214DC7}.Ad-Hoc|iPhone.Build.0 = Release|Any CPU
		{E7DC4635-5D3A-4647-B170-2E4999214DC7}.Ad-Hoc|iPhone.Deploy.0 = Release|Any CPU
		{E7DC4635-5D3A-4647-B170-2E4999214DC7}.Ad-Hoc|iPhoneSimulator.ActiveCfg = Release|Any CPU
		{E7DC4635-5D3A-4647-B170-2E4999214DC7}.Ad-Hoc|iPhoneSimulator.Build.0 = Release|Any CPU
		{E7DC4635-5D3A-4647-B170-2E4999214DC7}.Ad-Hoc|iPhoneSimulator.Deploy.0 = Release|Any CPU
		{E7DC4635-5D3A-4647-B170-2E4999214DC7}.AppStore|Any CPU.ActiveCfg = Release|Any CPU
		{E7DC4635-5D3A-4647-B170-2E4999214DC7}.AppStore|Any CPU.Build.0 = Release|Any CPU
		{E7DC4635-5D3A-4647-B170-2E4999214DC7}.AppStore|Any CPU.Deploy.0 = Release|Any CPU
		{E7DC4635-5D3A-4647-B170-2E4999214DC7}.AppStore|iPhone.ActiveCfg = Release|Any CPU
		{E7DC4635-5D3A-4647-B170-2E4999214DC7}.AppStore|iPhone.Build.0 = Release|Any CPU
		{E7DC4635-5D3A-4647-B170-2E4999214DC7}.AppStore|iPhone.Deploy.0 = Release|Any CPU
		{E7DC4635-5D3A-4647-B170-2E4999214DC7}.AppStore|iPhoneSimulator.ActiveCfg = Release|Any CPU
		{E7DC4635-5D3A-4647-B170-2E4999214DC7}.AppStore|iPhoneSimulator.Build.0 = Release|Any CPU
		{E7DC4635-5D3A-4647-B170-2E4999214DC7}.AppStore|iPhoneSimulator.Deploy.0 = Release|Any CPU
		{E7DC4635-5D3A-4647-B170-2E4999214DC7}.Debug|Any CPU.ActiveCfg = Debug|Any CPU
		{E7DC4635-5D3A-4647-B170-2E4999214DC7}.Debug|Any CPU.Build.0 = Debug|Any CPU
		{E7DC4635-5D3A-4647-B170-2E4999214DC7}.Debug|Any CPU.Deploy.0 = Debug|Any CPU
		{E7DC4635-5D3A-4647-B170-2E4999214DC7}.Debug|iPhone.ActiveCfg = Debug|Any CPU
		{E7DC4635-5D3A-4647-B170-2E4999214DC7}.Debug|iPhone.Build.0 = Debug|Any CPU
		{E7DC4635-5D3A-4647-B170-2E4999214DC7}.Debug|iPhone.Deploy.0 = Debug|Any CPU
		{E7DC4635-5D3A-4647-B170-2E4999214DC7}.Debug|iPhoneSimulator.ActiveCfg = Debug|Any CPU
		{E7DC4635-5D3A-4647-B170-2E4999214DC7}.Debug|iPhoneSimulator.Build.0 = Debug|Any CPU
		{E7DC4635-5D3A-4647-B170-2E4999214DC7}.Debug|iPhoneSimulator.Deploy.0 = Debug|Any CPU
		{E7DC4635-5D3A-4647-B170-2E4999214DC7}.Release|Any CPU.ActiveCfg = Release|Any CPU
		{E7DC4635-5D3A-4647-B170-2E4999214DC7}.Release|Any CPU.Build.0 = Release|Any CPU
		{E7DC4635-5D3A-4647-B170-2E4999214DC7}.Release|Any CPU.Deploy.0 = Release|Any CPU
		{E7DC4635-5D3A-4647-B170-2E4999214DC7}.Release|iPhone.ActiveCfg = Release|Any CPU
		{E7DC4635-5D3A-4647-B170-2E4999214DC7}.Release|iPhone.Build.0 = Release|Any CPU
		{E7DC4635-5D3A-4647-B170-2E4999214DC7}.Release|iPhone.Deploy.0 = Release|Any CPU
		{E7DC4635-5D3A-4647-B170-2E4999214DC7}.Release|iPhoneSimulator.ActiveCfg = Release|Any CPU
		{E7DC4635-5D3A-4647-B170-2E4999214DC7}.Release|iPhoneSimulator.Build.0 = Release|Any CPU
		{E7DC4635-5D3A-4647-B170-2E4999214DC7}.Release|iPhoneSimulator.Deploy.0 = Release|Any CPU
		{2BF2AB80-4637-4A8E-9657-8B480584F5BD}.Ad-Hoc|Any CPU.ActiveCfg = Ad-Hoc|iPhone
		{2BF2AB80-4637-4A8E-9657-8B480584F5BD}.Ad-Hoc|iPhone.ActiveCfg = Ad-Hoc|iPhone
		{2BF2AB80-4637-4A8E-9657-8B480584F5BD}.Ad-Hoc|iPhone.Build.0 = Ad-Hoc|iPhone
		{2BF2AB80-4637-4A8E-9657-8B480584F5BD}.Ad-Hoc|iPhoneSimulator.ActiveCfg = Ad-Hoc|iPhoneSimulator
		{2BF2AB80-4637-4A8E-9657-8B480584F5BD}.Ad-Hoc|iPhoneSimulator.Build.0 = Ad-Hoc|iPhoneSimulator
		{2BF2AB80-4637-4A8E-9657-8B480584F5BD}.AppStore|Any CPU.ActiveCfg = AppStore|iPhone
		{2BF2AB80-4637-4A8E-9657-8B480584F5BD}.AppStore|iPhone.ActiveCfg = AppStore|iPhone
		{2BF2AB80-4637-4A8E-9657-8B480584F5BD}.AppStore|iPhone.Build.0 = AppStore|iPhone
		{2BF2AB80-4637-4A8E-9657-8B480584F5BD}.AppStore|iPhoneSimulator.ActiveCfg = AppStore|iPhoneSimulator
		{2BF2AB80-4637-4A8E-9657-8B480584F5BD}.AppStore|iPhoneSimulator.Build.0 = AppStore|iPhoneSimulator
		{2BF2AB80-4637-4A8E-9657-8B480584F5BD}.Debug|Any CPU.ActiveCfg = Debug|iPhone
		{2BF2AB80-4637-4A8E-9657-8B480584F5BD}.Debug|iPhone.ActiveCfg = Debug|iPhone
		{2BF2AB80-4637-4A8E-9657-8B480584F5BD}.Debug|iPhone.Build.0 = Debug|iPhone
		{2BF2AB80-4637-4A8E-9657-8B480584F5BD}.Debug|iPhoneSimulator.ActiveCfg = Debug|iPhoneSimulator
		{2BF2AB80-4637-4A8E-9657-8B480584F5BD}.Debug|iPhoneSimulator.Build.0 = Debug|iPhoneSimulator
		{2BF2AB80-4637-4A8E-9657-8B480584F5BD}.Release|Any CPU.ActiveCfg = Release|iPhone
		{2BF2AB80-4637-4A8E-9657-8B480584F5BD}.Release|iPhone.ActiveCfg = Release|iPhone
		{2BF2AB80-4637-4A8E-9657-8B480584F5BD}.Release|iPhone.Build.0 = Release|iPhone
		{2BF2AB80-4637-4A8E-9657-8B480584F5BD}.Release|iPhoneSimulator.ActiveCfg = Release|iPhoneSimulator
		{2BF2AB80-4637-4A8E-9657-8B480584F5BD}.Release|iPhoneSimulator.Build.0 = Release|iPhoneSimulator
		{55137025-9A04-43DA-82C7-C8CD5F794B45}.Ad-Hoc|Any CPU.ActiveCfg = Debug|Any CPU
		{55137025-9A04-43DA-82C7-C8CD5F794B45}.Ad-Hoc|Any CPU.Build.0 = Debug|Any CPU
		{55137025-9A04-43DA-82C7-C8CD5F794B45}.Ad-Hoc|iPhone.ActiveCfg = Debug|Any CPU
		{55137025-9A04-43DA-82C7-C8CD5F794B45}.Ad-Hoc|iPhone.Build.0 = Debug|Any CPU
		{55137025-9A04-43DA-82C7-C8CD5F794B45}.Ad-Hoc|iPhoneSimulator.ActiveCfg = Debug|Any CPU
		{55137025-9A04-43DA-82C7-C8CD5F794B45}.Ad-Hoc|iPhoneSimulator.Build.0 = Debug|Any CPU
		{55137025-9A04-43DA-82C7-C8CD5F794B45}.AppStore|Any CPU.ActiveCfg = Debug|Any CPU
		{55137025-9A04-43DA-82C7-C8CD5F794B45}.AppStore|Any CPU.Build.0 = Debug|Any CPU
		{55137025-9A04-43DA-82C7-C8CD5F794B45}.AppStore|iPhone.ActiveCfg = Debug|Any CPU
		{55137025-9A04-43DA-82C7-C8CD5F794B45}.AppStore|iPhone.Build.0 = Debug|Any CPU
		{55137025-9A04-43DA-82C7-C8CD5F794B45}.AppStore|iPhoneSimulator.ActiveCfg = Debug|Any CPU
		{55137025-9A04-43DA-82C7-C8CD5F794B45}.AppStore|iPhoneSimulator.Build.0 = Debug|Any CPU
		{55137025-9A04-43DA-82C7-C8CD5F794B45}.Debug|Any CPU.ActiveCfg = Debug|Any CPU
		{55137025-9A04-43DA-82C7-C8CD5F794B45}.Debug|Any CPU.Build.0 = Debug|Any CPU
		{55137025-9A04-43DA-82C7-C8CD5F794B45}.Debug|iPhone.ActiveCfg = Debug|Any CPU
		{55137025-9A04-43DA-82C7-C8CD5F794B45}.Debug|iPhone.Build.0 = Debug|Any CPU
		{55137025-9A04-43DA-82C7-C8CD5F794B45}.Debug|iPhoneSimulator.ActiveCfg = Debug|Any CPU
		{55137025-9A04-43DA-82C7-C8CD5F794B45}.Debug|iPhoneSimulator.Build.0 = Debug|Any CPU
		{55137025-9A04-43DA-82C7-C8CD5F794B45}.Release|Any CPU.ActiveCfg = Release|Any CPU
		{55137025-9A04-43DA-82C7-C8CD5F794B45}.Release|Any CPU.Build.0 = Release|Any CPU
		{55137025-9A04-43DA-82C7-C8CD5F794B45}.Release|iPhone.ActiveCfg = Release|Any CPU
		{55137025-9A04-43DA-82C7-C8CD5F794B45}.Release|iPhone.Build.0 = Release|Any CPU
		{55137025-9A04-43DA-82C7-C8CD5F794B45}.Release|iPhoneSimulator.ActiveCfg = Release|Any CPU
		{55137025-9A04-43DA-82C7-C8CD5F794B45}.Release|iPhoneSimulator.Build.0 = Release|Any CPU
		{6CACD3D1-5370-4201-A423-1E9199516D58}.Ad-Hoc|Any CPU.ActiveCfg = Debug|Any CPU
		{6CACD3D1-5370-4201-A423-1E9199516D58}.Ad-Hoc|Any CPU.Build.0 = Debug|Any CPU
		{6CACD3D1-5370-4201-A423-1E9199516D58}.Ad-Hoc|iPhone.ActiveCfg = Debug|Any CPU
		{6CACD3D1-5370-4201-A423-1E9199516D58}.Ad-Hoc|iPhone.Build.0 = Debug|Any CPU
		{6CACD3D1-5370-4201-A423-1E9199516D58}.Ad-Hoc|iPhoneSimulator.ActiveCfg = Debug|Any CPU
		{6CACD3D1-5370-4201-A423-1E9199516D58}.Ad-Hoc|iPhoneSimulator.Build.0 = Debug|Any CPU
		{6CACD3D1-5370-4201-A423-1E9199516D58}.AppStore|Any CPU.ActiveCfg = Debug|Any CPU
		{6CACD3D1-5370-4201-A423-1E9199516D58}.AppStore|Any CPU.Build.0 = Debug|Any CPU
		{6CACD3D1-5370-4201-A423-1E9199516D58}.AppStore|iPhone.ActiveCfg = Debug|Any CPU
		{6CACD3D1-5370-4201-A423-1E9199516D58}.AppStore|iPhone.Build.0 = Debug|Any CPU
		{6CACD3D1-5370-4201-A423-1E9199516D58}.AppStore|iPhoneSimulator.ActiveCfg = Debug|Any CPU
		{6CACD3D1-5370-4201-A423-1E9199516D58}.AppStore|iPhoneSimulator.Build.0 = Debug|Any CPU
		{6CACD3D1-5370-4201-A423-1E9199516D58}.Debug|Any CPU.ActiveCfg = Debug|Any CPU
		{6CACD3D1-5370-4201-A423-1E9199516D58}.Debug|Any CPU.Build.0 = Debug|Any CPU
		{6CACD3D1-5370-4201-A423-1E9199516D58}.Debug|iPhone.ActiveCfg = Debug|Any CPU
		{6CACD3D1-5370-4201-A423-1E9199516D58}.Debug|iPhone.Build.0 = Debug|Any CPU
		{6CACD3D1-5370-4201-A423-1E9199516D58}.Debug|iPhoneSimulator.ActiveCfg = Debug|Any CPU
		{6CACD3D1-5370-4201-A423-1E9199516D58}.Debug|iPhoneSimulator.Build.0 = Debug|Any CPU
		{6CACD3D1-5370-4201-A423-1E9199516D58}.Release|Any CPU.ActiveCfg = Release|Any CPU
		{6CACD3D1-5370-4201-A423-1E9199516D58}.Release|Any CPU.Build.0 = Release|Any CPU
		{6CACD3D1-5370-4201-A423-1E9199516D58}.Release|iPhone.ActiveCfg = Release|Any CPU
		{6CACD3D1-5370-4201-A423-1E9199516D58}.Release|iPhone.Build.0 = Release|Any CPU
		{6CACD3D1-5370-4201-A423-1E9199516D58}.Release|iPhoneSimulator.ActiveCfg = Release|Any CPU
		{6CACD3D1-5370-4201-A423-1E9199516D58}.Release|iPhoneSimulator.Build.0 = Release|Any CPU
		{13744166-6494-4E7F-B255-D0D990ADFB0C}.Ad-Hoc|Any CPU.ActiveCfg = Debug|Any CPU
		{13744166-6494-4E7F-B255-D0D990ADFB0C}.Ad-Hoc|Any CPU.Build.0 = Debug|Any CPU
		{13744166-6494-4E7F-B255-D0D990ADFB0C}.Ad-Hoc|iPhone.ActiveCfg = Debug|Any CPU
		{13744166-6494-4E7F-B255-D0D990ADFB0C}.Ad-Hoc|iPhone.Build.0 = Debug|Any CPU
		{13744166-6494-4E7F-B255-D0D990ADFB0C}.Ad-Hoc|iPhoneSimulator.ActiveCfg = Debug|Any CPU
		{13744166-6494-4E7F-B255-D0D990ADFB0C}.Ad-Hoc|iPhoneSimulator.Build.0 = Debug|Any CPU
		{13744166-6494-4E7F-B255-D0D990ADFB0C}.AppStore|Any CPU.ActiveCfg = Debug|Any CPU
		{13744166-6494-4E7F-B255-D0D990ADFB0C}.AppStore|Any CPU.Build.0 = Debug|Any CPU
		{13744166-6494-4E7F-B255-D0D990ADFB0C}.AppStore|iPhone.ActiveCfg = Debug|Any CPU
		{13744166-6494-4E7F-B255-D0D990ADFB0C}.AppStore|iPhone.Build.0 = Debug|Any CPU
		{13744166-6494-4E7F-B255-D0D990ADFB0C}.AppStore|iPhoneSimulator.ActiveCfg = Debug|Any CPU
		{13744166-6494-4E7F-B255-D0D990ADFB0C}.AppStore|iPhoneSimulator.Build.0 = Debug|Any CPU
		{13744166-6494-4E7F-B255-D0D990ADFB0C}.Debug|Any CPU.ActiveCfg = Debug|Any CPU
		{13744166-6494-4E7F-B255-D0D990ADFB0C}.Debug|Any CPU.Build.0 = Debug|Any CPU
		{13744166-6494-4E7F-B255-D0D990ADFB0C}.Debug|iPhone.ActiveCfg = Debug|Any CPU
		{13744166-6494-4E7F-B255-D0D990ADFB0C}.Debug|iPhone.Build.0 = Debug|Any CPU
		{13744166-6494-4E7F-B255-D0D990ADFB0C}.Debug|iPhoneSimulator.ActiveCfg = Debug|Any CPU
		{13744166-6494-4E7F-B255-D0D990ADFB0C}.Debug|iPhoneSimulator.Build.0 = Debug|Any CPU
		{13744166-6494-4E7F-B255-D0D990ADFB0C}.Release|Any CPU.ActiveCfg = Release|Any CPU
		{13744166-6494-4E7F-B255-D0D990ADFB0C}.Release|Any CPU.Build.0 = Release|Any CPU
		{13744166-6494-4E7F-B255-D0D990ADFB0C}.Release|iPhone.ActiveCfg = Release|Any CPU
		{13744166-6494-4E7F-B255-D0D990ADFB0C}.Release|iPhone.Build.0 = Release|Any CPU
		{13744166-6494-4E7F-B255-D0D990ADFB0C}.Release|iPhoneSimulator.ActiveCfg = Release|Any CPU
		{13744166-6494-4E7F-B255-D0D990ADFB0C}.Release|iPhoneSimulator.Build.0 = Release|Any CPU
	EndGlobalSection
	GlobalSection(SolutionProperties) = preSolution
		HideSolutionNode = FALSE
	EndGlobalSection
	GlobalSection(ExtensibilityGlobals) = postSolution
		SolutionGuid = {0375089A-603F-4E1D-8FA5-8CC22F4C25AF}
	EndGlobalSection
EndGlobal
